
Microsoft Visual Studio Solution File, Format Version 12.00
# Visual Studio Version 17
VisualStudioVersion = 17.14.36121.58
MinimumVisualStudioVersion = 10.0.40219.1
Project("{FAE04EC0-301F-11D3-BF4B-00C04F79EFBC}") = "MiscMenu.Program", "MiscMenu\MiscMenu.Program.csproj", "{8560C639-A038-4F85-B3D3-96BF9F2A7AB8}"
EndProject
Project("{FAE04EC0-301F-11D3-BF4B-00C04F79EFBC}") = "MiscMenu.Helpers", "MiscMenu.Helpers\MiscMenu.Helpers.csproj", "{01AA891E-3755-4A90-AAD0-89AC43C1BE56}"
EndProject
Project("{FAE04EC0-301F-11D3-BF4B-00C04F79EFBC}") = "MiscMenu.Abstractions", "MiscMenu.Abstractions\MiscMenu.Abstractions.csproj", "{2CEE7939-B2C9-4ED8-A5B5-B81C1059896A}"
EndProject
Global
	GlobalSection(SolutionConfigurationPlatforms) = preSolution
		Debug|Any CPU = Debug|Any CPU
		Release|Any CPU = Release|Any CPU
	EndGlobalSection
	GlobalSection(ProjectConfigurationPlatforms) = postSolution
		{8560C639-A038-4F85-B3D3-96BF9F2A7AB8}.Debug|Any CPU.ActiveCfg = Debug|Any CPU
		{8560C639-A038-4F85-B3D3-96BF9F2A7AB8}.Debug|Any CPU.Build.0 = Debug|Any CPU
		{8560C639-A038-4F85-B3D3-96BF9F2A7AB8}.Release|Any CPU.ActiveCfg = Release|Any CPU
		{8560C639-A038-4F85-B3D3-96BF9F2A7AB8}.Release|Any CPU.Build.0 = Release|Any CPU
		{01AA891E-3755-4A90-AAD0-89AC43C1BE56}.Debug|Any CPU.ActiveCfg = Debug|Any CPU
		{01AA891E-3755-4A90-AAD0-89AC43C1BE56}.Debug|Any CPU.Build.0 = Debug|Any CPU
		{01AA891E-3755-4A90-AAD0-89AC43C1BE56}.Release|Any CPU.ActiveCfg = Release|Any CPU
		{01AA891E-3755-4A90-AAD0-89AC43C1BE56}.Release|Any CPU.Build.0 = Release|Any CPU
		{2CEE7939-B2C9-4ED8-A5B5-B81C1059896A}.Debug|Any CPU.ActiveCfg = Debug|Any CPU
		{2CEE7939-B2C9-4ED8-A5B5-B81C1059896A}.Debug|Any CPU.Build.0 = Debug|Any CPU
		{2CEE7939-B2C9-4ED8-A5B5-B81C1059896A}.Release|Any CPU.ActiveCfg = Release|Any CPU
		{2CEE7939-B2C9-4ED8-A5B5-B81C1059896A}.Release|Any CPU.Build.0 = Release|Any CPU
	EndGlobalSection
	GlobalSection(SolutionProperties) = preSolution
		HideSolutionNode = FALSE
	EndGlobalSection
	GlobalSection(ExtensibilityGlobals) = postSolution
		SolutionGuid = {923C169B-961C-43DF-8476-878C2FE54971}
	EndGlobalSection
EndGlobal
